
Microsoft Visual Studio Solution File, Format Version 12.00
# Visual Studio Version 16
VisualStudioVersion = 16.0.29519.87
MinimumVisualStudioVersion = 10.0.40219.1
Project("{8BC9CEB8-8B4A-11D0-8D11-00A0C91BC942}") = "LR10", "LR10.vcxproj", "{4744653B-AF58-4177-9DB8-5FB830DC8B1D}"
EndProject
Global
	GlobalSection(SolutionConfigurationPlatforms) = preSolution
		Debug|x64 = Debug|x64
		Debug|x86 = Debug|x86
		Release|x64 = Release|x64
		Release|x86 = Release|x86
	EndGlobalSection
	GlobalSection(ProjectConfigurationPlatforms) = postSolution
		{4744653B-AF58-4177-9DB8-5FB830DC8B1D}.Debug|x64.ActiveCfg = Debug|x64
		{4744653B-AF58-4177-9DB8-5FB830DC8B1D}.Debug|x64.Build.0 = Debug|x64
		{4744653B-AF58-4177-9DB8-5FB830DC8B1D}.Debug|x86.ActiveCfg = Debug|Win32
		{4744653B-AF58-4177-9DB8-5FB830DC8B1D}.Debug|x86.Build.0 = Debug|Win32
		{4744653B-AF58-4177-9DB8-5FB830DC8B1D}.Release|x64.ActiveCfg = Release|x64
		{4744653B-AF58-4177-9DB8-5FB830DC8B1D}.Release|x64.Build.0 = Release|x64
		{4744653B-AF58-4177-9DB8-5FB830DC8B1D}.Release|x86.ActiveCfg = Release|Win32
		{4744653B-AF58-4177-9DB8-5FB830DC8B1D}.Release|x86.Build.0 = Release|Win32
	EndGlobalSection
	GlobalSection(SolutionProperties) = preSolution
		HideSolutionNode = FALSE
	EndGlobalSection
	GlobalSection(ExtensibilityGlobals) = postSolution
		SolutionGuid = {0E9B8EA4-A49D-44B5-BC85-5DC362A0FE93}
	EndGlobalSection
EndGlobal
