
Microsoft Visual Studio Solution File, Format Version 12.00
# Visual Studio Version 16
VisualStudioVersion = 16.0.29519.87
MinimumVisualStudioVersion = 10.0.40219.1
Project("{8BC9CEB8-8B4A-11D0-8D11-00A0C91BC942}") = "Z2", "Z2.vcxproj", "{BD48AF63-FED1-4A26-8B4E-8BF419027037}"
EndProject
Global
	GlobalSection(SolutionConfigurationPlatforms) = preSolution
		Debug|x64 = Debug|x64
		Debug|x86 = Debug|x86
		Release|x64 = Release|x64
		Release|x86 = Release|x86
	EndGlobalSection
	GlobalSection(ProjectConfigurationPlatforms) = postSolution
		{BD48AF63-FED1-4A26-8B4E-8BF419027037}.Debug|x64.ActiveCfg = Debug|x64
		{BD48AF63-FED1-4A26-8B4E-8BF419027037}.Debug|x64.Build.0 = Debug|x64
		{BD48AF63-FED1-4A26-8B4E-8BF419027037}.Debug|x86.ActiveCfg = Debug|Win32
		{BD48AF63-FED1-4A26-8B4E-8BF419027037}.Debug|x86.Build.0 = Debug|Win32
		{BD48AF63-FED1-4A26-8B4E-8BF419027037}.Release|x64.ActiveCfg = Release|x64
		{BD48AF63-FED1-4A26-8B4E-8BF419027037}.Release|x64.Build.0 = Release|x64
		{BD48AF63-FED1-4A26-8B4E-8BF419027037}.Release|x86.ActiveCfg = Release|Win32
		{BD48AF63-FED1-4A26-8B4E-8BF419027037}.Release|x86.Build.0 = Release|Win32
	EndGlobalSection
	GlobalSection(SolutionProperties) = preSolution
		HideSolutionNode = FALSE
	EndGlobalSection
	GlobalSection(ExtensibilityGlobals) = postSolution
		SolutionGuid = {78FE56D3-B11B-4EAA-BF16-8B78C6BD1AE2}
	EndGlobalSection
EndGlobal
