
Microsoft Visual Studio Solution File, Format Version 12.00
# Visual Studio Version 16
VisualStudioVersion = 16.0.29519.87
MinimumVisualStudioVersion = 10.0.40219.1
Project("{8BC9CEB8-8B4A-11D0-8D11-00A0C91BC942}") = "LR3", "LR3.vcxproj", "{9D1DF07B-4796-4AB1-90AF-F393614F4B4E}"
EndProject
Global
	GlobalSection(SolutionConfigurationPlatforms) = preSolution
		Debug|x64 = Debug|x64
		Debug|x86 = Debug|x86
		Release|x64 = Release|x64
		Release|x86 = Release|x86
	EndGlobalSection
	GlobalSection(ProjectConfigurationPlatforms) = postSolution
		{9D1DF07B-4796-4AB1-90AF-F393614F4B4E}.Debug|x64.ActiveCfg = Debug|x64
		{9D1DF07B-4796-4AB1-90AF-F393614F4B4E}.Debug|x64.Build.0 = Debug|x64
		{9D1DF07B-4796-4AB1-90AF-F393614F4B4E}.Debug|x86.ActiveCfg = Debug|Win32
		{9D1DF07B-4796-4AB1-90AF-F393614F4B4E}.Debug|x86.Build.0 = Debug|Win32
		{9D1DF07B-4796-4AB1-90AF-F393614F4B4E}.Release|x64.ActiveCfg = Release|x64
		{9D1DF07B-4796-4AB1-90AF-F393614F4B4E}.Release|x64.Build.0 = Release|x64
		{9D1DF07B-4796-4AB1-90AF-F393614F4B4E}.Release|x86.ActiveCfg = Release|Win32
		{9D1DF07B-4796-4AB1-90AF-F393614F4B4E}.Release|x86.Build.0 = Release|Win32
	EndGlobalSection
	GlobalSection(SolutionProperties) = preSolution
		HideSolutionNode = FALSE
	EndGlobalSection
	GlobalSection(ExtensibilityGlobals) = postSolution
		SolutionGuid = {0A423D2A-07A5-46DF-A8F9-6778156F5987}
	EndGlobalSection
EndGlobal
