
Microsoft Visual Studio Solution File, Format Version 12.00
# Visual Studio Version 16
VisualStudioVersion = 16.0.29519.87
MinimumVisualStudioVersion = 10.0.40219.1
Project("{8BC9CEB8-8B4A-11D0-8D11-00A0C91BC942}") = "Z2", "Z2.vcxproj", "{505ED3B2-C697-4C8D-AE76-9FD6A64BF5E3}"
EndProject
Global
	GlobalSection(SolutionConfigurationPlatforms) = preSolution
		Debug|x64 = Debug|x64
		Debug|x86 = Debug|x86
		Release|x64 = Release|x64
		Release|x86 = Release|x86
	EndGlobalSection
	GlobalSection(ProjectConfigurationPlatforms) = postSolution
		{505ED3B2-C697-4C8D-AE76-9FD6A64BF5E3}.Debug|x64.ActiveCfg = Debug|x64
		{505ED3B2-C697-4C8D-AE76-9FD6A64BF5E3}.Debug|x64.Build.0 = Debug|x64
		{505ED3B2-C697-4C8D-AE76-9FD6A64BF5E3}.Debug|x86.ActiveCfg = Debug|Win32
		{505ED3B2-C697-4C8D-AE76-9FD6A64BF5E3}.Debug|x86.Build.0 = Debug|Win32
		{505ED3B2-C697-4C8D-AE76-9FD6A64BF5E3}.Release|x64.ActiveCfg = Release|x64
		{505ED3B2-C697-4C8D-AE76-9FD6A64BF5E3}.Release|x64.Build.0 = Release|x64
		{505ED3B2-C697-4C8D-AE76-9FD6A64BF5E3}.Release|x86.ActiveCfg = Release|Win32
		{505ED3B2-C697-4C8D-AE76-9FD6A64BF5E3}.Release|x86.Build.0 = Release|Win32
	EndGlobalSection
	GlobalSection(SolutionProperties) = preSolution
		HideSolutionNode = FALSE
	EndGlobalSection
	GlobalSection(ExtensibilityGlobals) = postSolution
		SolutionGuid = {314E838C-C0D1-4691-81D1-2686E2E5D889}
	EndGlobalSection
EndGlobal
